
Microsoft Visual Studio Solution File, Format Version 12.00
Project("{2150E333-8FDC-42A3-9474-1A3956D46DE8}") = "misc", "misc", "{50093091-B627-4780-928A-3D6B09AB1C09}"
	ProjectSection(SolutionItems) = preProject
		.gitignore = .gitignore
		LICENSE = LICENSE
		README.md = README.md
	EndProjectSection
EndProject
Project("{FAE04EC0-301F-11D3-BF4B-00C04F79EFBC}") = "partial-content-server", "src\partial-content-server\partial-content-server.csproj", "{75763510-9EC9-421F-947B-B815DCC33F37}"
EndProject
Project("{2150E333-8FDC-42A3-9474-1A3956D46DE8}") = "src", "src", "{6DC965A1-97BA-4EA4-B946-4BF21D516132}"
EndProject
Global
	GlobalSection(SolutionConfigurationPlatforms) = preSolution
		Debug|Any CPU = Debug|Any CPU
		Release|Any CPU = Release|Any CPU
	EndGlobalSection
	GlobalSection(ProjectConfigurationPlatforms) = postSolution
		{75763510-9EC9-421F-947B-B815DCC33F37}.Debug|Any CPU.ActiveCfg = Debug|Any CPU
		{75763510-9EC9-421F-947B-B815DCC33F37}.Debug|Any CPU.Build.0 = Debug|Any CPU
		{75763510-9EC9-421F-947B-B815DCC33F37}.Release|Any CPU.ActiveCfg = Release|Any CPU
		{75763510-9EC9-421F-947B-B815DCC33F37}.Release|Any CPU.Build.0 = Release|Any CPU
	EndGlobalSection
	GlobalSection(NestedProjects) = preSolution
		{75763510-9EC9-421F-947B-B815DCC33F37} = {6DC965A1-97BA-4EA4-B946-4BF21D516132}
	EndGlobalSection
EndGlobal
